{
  "object": {
    "pins": [
      {
        "package": "DynamicColor",
        "repositoryURL": "https://github.com/yannickl/DynamicColor.git",
        "state": {
          "branch": null,
          "revision": "d9beca13ca85baa50ee29832d0db5129fba69630",
          "version": "5.0.1"
        }
      },
      {
        "package": "preview-screenshots",
        "repositoryURL": "https://github.com/freyaariel/preview-screenshots.git",
        "state": {
          "branch": "main",
          "revision": "d8c927e96474721853c49386d39e72e1df251d3e",
          "version": null
        }
      }
    ]
  },
  "version": 1
}
