{
  "object": {
    "pins": [
      {
        "package": "DynamicColor",
        "repositoryURL": "https://github.com/yannickl/DynamicColor.git",
        "state": {
          "branch": null,
          "revision": "d9beca13ca85baa50ee29832d0db5129fba69630",
          "version": "5.0.1"
        }
      },
      {
        "package": "previews-capture",
        "repositoryURL": "https://github.com/freyaariel/previews-capture.git",
        "state": {
          "branch": "main",
          "revision": "852f7c676a21065a761483b3e9918b5318863050",
          "version": null
        }
      }
    ]
  },
  "version": 1
}
