{
  "object": {
    "pins": [
      {
        "package": "previews-capture",
        "repositoryURL": "https://github.com/freyaariel/previews-capture.git",
        "state": {
          "branch": "refactor",
          "revision": "8a9b4ab5c30fa87a04b0aff0af829286e5bc3807",
          "version": null
        }
      }
    ]
  },
  "version": 1
}
