// !$*UTF8*$!
{
	archiveVersion = 1;
	classes = {
	};
	objectVersion = 56;
	objects = {

/* Begin PBXBuildFile section */
		3BC3184629B8ED650073F040 /* IDEIcons in Frameworks */ = {isa = PBXBuildFile; productRef = 3BC3184529B8ED650073F040 /* IDEIcons */; };
		3BC3184829B8ED6C0073F040 /* IDEIcons in Frameworks */ = {isa = PBXBuildFile; productRef = 3BC3184729B8ED6C0073F040 /* IDEIcons */; };
		3BC3184A29B8ED6C0073F040 /* Screenshotting in Frameworks */ = {isa = PBXBuildFile; productRef = 3BC3184929B8ED6C0073F040 /* Screenshotting */; };
		3BC3184C29B8ED6C0073F040 /* ScreenshottingRNG in Frameworks */ = {isa = PBXBuildFile; productRef = 3BC3184B29B8ED6C0073F040 /* ScreenshottingRNG */; };
		3BC3185729B8EF820073F040 /* Screenshotting in Frameworks */ = {isa = PBXBuildFile; productRef = 3BC3185629B8EF820073F040 /* Screenshotting */; };
		3BC3185929B8EF860073F040 /* ScreenshottingRNG in Frameworks */ = {isa = PBXBuildFile; productRef = 3BC3185829B8EF860073F040 /* ScreenshottingRNG */; };
		3BC7B9A429BE374300EC3092 /* IDEIconsExampleApp.swift in Sources */ = {isa = PBXBuildFile; fileRef = 3BC3184F29B8EF470073F040 /* IDEIconsExampleApp.swift */; };
		3BC7B9A829BE376900EC3092 /* IDEIconsScreenshotsApp.swift in Sources */ = {isa = PBXBuildFile; fileRef = 3BC7B9A529BE376900EC3092 /* IDEIconsScreenshotsApp.swift */; };
		3BC7B9A929BE376900EC3092 /* IDEIcons+Screenshots.swift in Sources */ = {isa = PBXBuildFile; fileRef = 3BC7B9A629BE376900EC3092 /* IDEIcons+Screenshots.swift */; };
		3BC7B9AA29BE376900EC3092 /* IDEIcons+Screenshots.swift in Sources */ = {isa = PBXBuildFile; fileRef = 3BC7B9A629BE376900EC3092 /* IDEIcons+Screenshots.swift */; };
/* End PBXBuildFile section */

/* Begin PBXFileReference section */
		3BC3182029B8EC150073F040 /* IDEIconsExample.app */ = {isa = PBXFileReference; explicitFileType = wrapper.application; includeInIndex = 0; path = IDEIconsExample.app; sourceTree = BUILT_PRODUCTS_DIR; };
		3BC3184229B8ED070073F040 /* IDEIconsScreenshots.app */ = {isa = PBXFileReference; explicitFileType = wrapper.application; includeInIndex = 0; path = IDEIconsScreenshots.app; sourceTree = BUILT_PRODUCTS_DIR; };
		3BC3184E29B8EF3C0073F040 /* ide-icons */ = {isa = PBXFileReference; lastKnownFileType = wrapper; name = "ide-icons"; path = ..; sourceTree = "<group>"; };
		3BC3184F29B8EF470073F040 /* IDEIconsExampleApp.swift */ = {isa = PBXFileReference; fileEncoding = 4; lastKnownFileType = sourcecode.swift; path = IDEIconsExampleApp.swift; sourceTree = "<group>"; };
		3BC7B9A529BE376900EC3092 /* IDEIconsScreenshotsApp.swift */ = {isa = PBXFileReference; fileEncoding = 4; lastKnownFileType = sourcecode.swift; path = IDEIconsScreenshotsApp.swift; sourceTree = "<group>"; };
		3BC7B9A629BE376900EC3092 /* IDEIcons+Screenshots.swift */ = {isa = PBXFileReference; fileEncoding = 4; lastKnownFileType = sourcecode.swift; path = "IDEIcons+Screenshots.swift"; sourceTree = "<group>"; };
/* End PBXFileReference section */

/* Begin PBXFrameworksBuildPhase section */
		3BC3181D29B8EC150073F040 /* Frameworks */ = {
			isa = PBXFrameworksBuildPhase;
			buildActionMask = 2147483647;
			files = (
				3BC3185729B8EF820073F040 /* Screenshotting in Frameworks */,
				3BC3185929B8EF860073F040 /* ScreenshottingRNG in Frameworks */,
				3BC3184629B8ED650073F040 /* IDEIcons in Frameworks */,
			);
			runOnlyForDeploymentPostprocessing = 0;
		};
		3BC3183D29B8ED070073F040 /* Frameworks */ = {
			isa = PBXFrameworksBuildPhase;
			buildActionMask = 2147483647;
			files = (
				3BC3184A29B8ED6C0073F040 /* Screenshotting in Frameworks */,
				3BC3184C29B8ED6C0073F040 /* ScreenshottingRNG in Frameworks */,
				3BC3184829B8ED6C0073F040 /* IDEIcons in Frameworks */,
			);
			runOnlyForDeploymentPostprocessing = 0;
		};
/* End PBXFrameworksBuildPhase section */

/* Begin PBXGroup section */
		3BC3181729B8EC140073F040 = {
			isa = PBXGroup;
			children = (
				3BC7B9A629BE376900EC3092 /* IDEIcons+Screenshots.swift */,
				3BC3184F29B8EF470073F040 /* IDEIconsExampleApp.swift */,
				3BC7B9A529BE376900EC3092 /* IDEIconsScreenshotsApp.swift */,
				3BC3184E29B8EF3C0073F040 /* ide-icons */,
				3BC3182129B8EC150073F040 /* Products */,
				3BC3185529B8EF820073F040 /* Frameworks */,
			);
			sourceTree = "<group>";
		};
		3BC3182129B8EC150073F040 /* Products */ = {
			isa = PBXGroup;
			children = (
				3BC3182029B8EC150073F040 /* IDEIconsExample.app */,
				3BC3184229B8ED070073F040 /* IDEIconsScreenshots.app */,
			);
			name = Products;
			sourceTree = "<group>";
		};
		3BC3185529B8EF820073F040 /* Frameworks */ = {
			isa = PBXGroup;
			children = (
			);
			name = Frameworks;
			sourceTree = "<group>";
		};
/* End PBXGroup section */

/* Begin PBXNativeTarget section */
		3BC3181F29B8EC150073F040 /* IDEIconsExample */ = {
			isa = PBXNativeTarget;
			buildConfigurationList = 3BC3182F29B8EC190073F040 /* Build configuration list for PBXNativeTarget "IDEIconsExample" */;
			buildPhases = (
				3BC3181C29B8EC150073F040 /* Sources */,
				3BC3181D29B8EC150073F040 /* Frameworks */,
				3BC3181E29B8EC150073F040 /* Resources */,
			);
			buildRules = (
			);
			dependencies = (
				3B5BCE2F29BE226900BFE203 /* PBXTargetDependency */,
			);
			name = IDEIconsExample;
			packageProductDependencies = (
				3BC3184529B8ED650073F040 /* IDEIcons */,
				3BC3185629B8EF820073F040 /* Screenshotting */,
				3BC3185829B8EF860073F040 /* ScreenshottingRNG */,
			);
			productName = IDEIconsExample;
			productReference = 3BC3182029B8EC150073F040 /* IDEIconsExample.app */;
			productType = "com.apple.product-type.application";
		};
		3BC3183929B8ED070073F040 /* IDEIconsScreenshots */ = {
			isa = PBXNativeTarget;
			buildConfigurationList = 3BC3183F29B8ED070073F040 /* Build configuration list for PBXNativeTarget "IDEIconsScreenshots" */;
			buildPhases = (
				3BC3183A29B8ED070073F040 /* Sources */,
				3BC3183D29B8ED070073F040 /* Frameworks */,
				3BC3183E29B8ED070073F040 /* Resources */,
			);
			buildRules = (
			);
			dependencies = (
				3B5BCE3129BE226E00BFE203 /* PBXTargetDependency */,
			);
			name = IDEIconsScreenshots;
			packageProductDependencies = (
				3BC3184729B8ED6C0073F040 /* IDEIcons */,
				3BC3184929B8ED6C0073F040 /* Screenshotting */,
				3BC3184B29B8ED6C0073F040 /* ScreenshottingRNG */,
			);
			productName = IDEIconsExample;
			productReference = 3BC3184229B8ED070073F040 /* IDEIconsScreenshots.app */;
			productType = "com.apple.product-type.application";
		};
/* End PBXNativeTarget section */

/* Begin PBXProject section */
		3BC3181829B8EC140073F040 /* Project object */ = {
			isa = PBXProject;
			attributes = {
				BuildIndependentTargetsInParallel = 1;
				LastSwiftUpdateCheck = 1420;
				LastUpgradeCheck = 1420;
				TargetAttributes = {
					3BC3181F29B8EC150073F040 = {
						CreatedOnToolsVersion = 14.2;
						LastSwiftMigration = 1420;
					};
					3BC3183929B8ED070073F040 = {
						LastSwiftMigration = 1420;
					};
				};
			};
			buildConfigurationList = 3BC3181B29B8EC140073F040 /* Build configuration list for PBXProject "IDEIconsExample" */;
			compatibilityVersion = "Xcode 14.0";
			developmentRegion = en;
			hasScannedForEncodings = 0;
			knownRegions = (
				en,
				Base,
			);
			mainGroup = 3BC3181729B8EC140073F040;
			packageReferences = (
				3BC3183829B8ECF50073F040 /* XCRemoteSwiftPackageReference "screenshotting" */,
			);
			productRefGroup = 3BC3182129B8EC150073F040 /* Products */;
			projectDirPath = "";
			projectRoot = "";
			targets = (
				3BC3181F29B8EC150073F040 /* IDEIconsExample */,
				3BC3183929B8ED070073F040 /* IDEIconsScreenshots */,
			);
		};
/* End PBXProject section */

/* Begin PBXResourcesBuildPhase section */
		3BC3181E29B8EC150073F040 /* Resources */ = {
			isa = PBXResourcesBuildPhase;
			buildActionMask = 2147483647;
			files = (
			);
			runOnlyForDeploymentPostprocessing = 0;
		};
		3BC3183E29B8ED070073F040 /* Resources */ = {
			isa = PBXResourcesBuildPhase;
			buildActionMask = 2147483647;
			files = (
			);
			runOnlyForDeploymentPostprocessing = 0;
		};
/* End PBXResourcesBuildPhase section */

/* Begin PBXSourcesBuildPhase section */
		3BC3181C29B8EC150073F040 /* Sources */ = {
			isa = PBXSourcesBuildPhase;
			buildActionMask = 2147483647;
			files = (
				3BC7B9A929BE376900EC3092 /* IDEIcons+Screenshots.swift in Sources */,
				3BC7B9A429BE374300EC3092 /* IDEIconsExampleApp.swift in Sources */,
			);
			runOnlyForDeploymentPostprocessing = 0;
		};
		3BC3183A29B8ED070073F040 /* Sources */ = {
			isa = PBXSourcesBuildPhase;
			buildActionMask = 2147483647;
			files = (
				3BC7B9AA29BE376900EC3092 /* IDEIcons+Screenshots.swift in Sources */,
				3BC7B9A829BE376900EC3092 /* IDEIconsScreenshotsApp.swift in Sources */,
			);
			runOnlyForDeploymentPostprocessing = 0;
		};
/* End PBXSourcesBuildPhase section */

/* Begin PBXTargetDependency section */
		3B5BCE2F29BE226900BFE203 /* PBXTargetDependency */ = {
			isa = PBXTargetDependency;
			productRef = 3B5BCE2E29BE226900BFE203 /* IDEIcons */;
		};
		3B5BCE3129BE226E00BFE203 /* PBXTargetDependency */ = {
			isa = PBXTargetDependency;
			productRef = 3B5BCE3029BE226E00BFE203 /* IDEIcons */;
		};
/* End PBXTargetDependency section */

/* Begin XCBuildConfiguration section */
		3BC3182D29B8EC190073F040 /* Debug */ = {
			isa = XCBuildConfiguration;
			buildSettings = {
				ALWAYS_SEARCH_USER_PATHS = NO;
				CLANG_ANALYZER_NONNULL = YES;
				CLANG_ANALYZER_NUMBER_OBJECT_CONVERSION = YES_AGGRESSIVE;
				CLANG_CXX_LANGUAGE_STANDARD = "gnu++20";
				CLANG_ENABLE_MODULES = YES;
				CLANG_ENABLE_OBJC_ARC = YES;
				CLANG_ENABLE_OBJC_WEAK = YES;
				CLANG_WARN_BLOCK_CAPTURE_AUTORELEASING = YES;
				CLANG_WARN_BOOL_CONVERSION = YES;
				CLANG_WARN_COMMA = YES;
				CLANG_WARN_CONSTANT_CONVERSION = YES;
				CLANG_WARN_DEPRECATED_OBJC_IMPLEMENTATIONS = YES;
				CLANG_WARN_DIRECT_OBJC_ISA_USAGE = YES_ERROR;
				CLANG_WARN_DOCUMENTATION_COMMENTS = YES;
				CLANG_WARN_EMPTY_BODY = YES;
				CLANG_WARN_ENUM_CONVERSION = YES;
				CLANG_WARN_INFINITE_RECURSION = YES;
				CLANG_WARN_INT_CONVERSION = YES;
				CLANG_WARN_NON_LITERAL_NULL_CONVERSION = YES;
				CLANG_WARN_OBJC_IMPLICIT_RETAIN_SELF = YES;
				CLANG_WARN_OBJC_LITERAL_CONVERSION = YES;
				CLANG_WARN_OBJC_ROOT_CLASS = YES_ERROR;
				CLANG_WARN_QUOTED_INCLUDE_IN_FRAMEWORK_HEADER = YES;
				CLANG_WARN_RANGE_LOOP_ANALYSIS = YES;
				CLANG_WARN_STRICT_PROTOTYPES = YES;
				CLANG_WARN_SUSPICIOUS_MOVE = YES;
				CLANG_WARN_UNGUARDED_AVAILABILITY = YES_AGGRESSIVE;
				CLANG_WARN_UNREACHABLE_CODE = YES;
				CLANG_WARN__DUPLICATE_METHOD_MATCH = YES;
				COPY_PHASE_STRIP = NO;
				DEBUG_INFORMATION_FORMAT = dwarf;
				ENABLE_STRICT_OBJC_MSGSEND = YES;
				ENABLE_TESTABILITY = YES;
				GCC_C_LANGUAGE_STANDARD = gnu11;
				GCC_DYNAMIC_NO_PIC = NO;
				GCC_NO_COMMON_BLOCKS = YES;
				GCC_OPTIMIZATION_LEVEL = 0;
				GCC_PREPROCESSOR_DEFINITIONS = (
					"DEBUG=1",
					"$(inherited)",
				);
				GCC_WARN_64_TO_32_BIT_CONVERSION = YES;
				GCC_WARN_ABOUT_RETURN_TYPE = YES_ERROR;
				GCC_WARN_UNDECLARED_SELECTOR = YES;
				GCC_WARN_UNINITIALIZED_AUTOS = YES_AGGRESSIVE;
				GCC_WARN_UNUSED_FUNCTION = YES;
				GCC_WARN_UNUSED_VARIABLE = YES;
				MTL_ENABLE_DEBUG_INFO = INCLUDE_SOURCE;
				MTL_FAST_MATH = YES;
				ONLY_ACTIVE_ARCH = YES;
				SWIFT_ACTIVE_COMPILATION_CONDITIONS = DEBUG;
				SWIFT_OPTIMIZATION_LEVEL = "-Onone";
			};
			name = Debug;
		};
		3BC3182E29B8EC190073F040 /* Release */ = {
			isa = XCBuildConfiguration;
			buildSettings = {
				ALWAYS_SEARCH_USER_PATHS = NO;
				CLANG_ANALYZER_NONNULL = YES;
				CLANG_ANALYZER_NUMBER_OBJECT_CONVERSION = YES_AGGRESSIVE;
				CLANG_CXX_LANGUAGE_STANDARD = "gnu++20";
				CLANG_ENABLE_MODULES = YES;
				CLANG_ENABLE_OBJC_ARC = YES;
				CLANG_ENABLE_OBJC_WEAK = YES;
				CLANG_WARN_BLOCK_CAPTURE_AUTORELEASING = YES;
				CLANG_WARN_BOOL_CONVERSION = YES;
				CLANG_WARN_COMMA = YES;
				CLANG_WARN_CONSTANT_CONVERSION = YES;
				CLANG_WARN_DEPRECATED_OBJC_IMPLEMENTATIONS = YES;
				CLANG_WARN_DIRECT_OBJC_ISA_USAGE = YES_ERROR;
				CLANG_WARN_DOCUMENTATION_COMMENTS = YES;
				CLANG_WARN_EMPTY_BODY = YES;
				CLANG_WARN_ENUM_CONVERSION = YES;
				CLANG_WARN_INFINITE_RECURSION = YES;
				CLANG_WARN_INT_CONVERSION = YES;
				CLANG_WARN_NON_LITERAL_NULL_CONVERSION = YES;
				CLANG_WARN_OBJC_IMPLICIT_RETAIN_SELF = YES;
				CLANG_WARN_OBJC_LITERAL_CONVERSION = YES;
				CLANG_WARN_OBJC_ROOT_CLASS = YES_ERROR;
				CLANG_WARN_QUOTED_INCLUDE_IN_FRAMEWORK_HEADER = YES;
				CLANG_WARN_RANGE_LOOP_ANALYSIS = YES;
				CLANG_WARN_STRICT_PROTOTYPES = YES;
				CLANG_WARN_SUSPICIOUS_MOVE = YES;
				CLANG_WARN_UNGUARDED_AVAILABILITY = YES_AGGRESSIVE;
				CLANG_WARN_UNREACHABLE_CODE = YES;
				CLANG_WARN__DUPLICATE_METHOD_MATCH = YES;
				COPY_PHASE_STRIP = NO;
				DEBUG_INFORMATION_FORMAT = "dwarf-with-dsym";
				ENABLE_NS_ASSERTIONS = NO;
				ENABLE_STRICT_OBJC_MSGSEND = YES;
				GCC_C_LANGUAGE_STANDARD = gnu11;
				GCC_NO_COMMON_BLOCKS = YES;
				GCC_WARN_64_TO_32_BIT_CONVERSION = YES;
				GCC_WARN_ABOUT_RETURN_TYPE = YES_ERROR;
				GCC_WARN_UNDECLARED_SELECTOR = YES;
				GCC_WARN_UNINITIALIZED_AUTOS = YES_AGGRESSIVE;
				GCC_WARN_UNUSED_FUNCTION = YES;
				GCC_WARN_UNUSED_VARIABLE = YES;
				MTL_ENABLE_DEBUG_INFO = NO;
				MTL_FAST_MATH = YES;
				SWIFT_COMPILATION_MODE = wholemodule;
				SWIFT_OPTIMIZATION_LEVEL = "-O";
			};
			name = Release;
		};
		3BC3183029B8EC190073F040 /* Debug */ = {
			isa = XCBuildConfiguration;
			buildSettings = {
				ASSETCATALOG_COMPILER_GLOBAL_ACCENT_COLOR_NAME = AccentColor;
				CLANG_ENABLE_MODULES = YES;
				CODE_SIGN_STYLE = Automatic;
				CURRENT_PROJECT_VERSION = 1;
				DEVELOPMENT_ASSET_PATHS = "";
				ENABLE_PREVIEWS = YES;
				GENERATE_INFOPLIST_FILE = YES;
				"INFOPLIST_KEY_UIApplicationSceneManifest_Generation[sdk=iphoneos*]" = YES;
				"INFOPLIST_KEY_UIApplicationSceneManifest_Generation[sdk=iphonesimulator*]" = YES;
				"INFOPLIST_KEY_UIApplicationSupportsIndirectInputEvents[sdk=iphoneos*]" = YES;
				"INFOPLIST_KEY_UIApplicationSupportsIndirectInputEvents[sdk=iphonesimulator*]" = YES;
				"INFOPLIST_KEY_UILaunchScreen_Generation[sdk=iphoneos*]" = YES;
				"INFOPLIST_KEY_UILaunchScreen_Generation[sdk=iphonesimulator*]" = YES;
				"INFOPLIST_KEY_UIStatusBarStyle[sdk=iphoneos*]" = UIStatusBarStyleDefault;
				"INFOPLIST_KEY_UIStatusBarStyle[sdk=iphonesimulator*]" = UIStatusBarStyleDefault;
				INFOPLIST_KEY_UISupportedInterfaceOrientations_iPad = "UIInterfaceOrientationPortrait UIInterfaceOrientationPortraitUpsideDown UIInterfaceOrientationLandscapeLeft UIInterfaceOrientationLandscapeRight";
				INFOPLIST_KEY_UISupportedInterfaceOrientations_iPhone = "UIInterfaceOrientationPortrait UIInterfaceOrientationLandscapeLeft UIInterfaceOrientationLandscapeRight";
				IPHONEOS_DEPLOYMENT_TARGET = 16.2;
				LD_RUNPATH_SEARCH_PATHS = "@executable_path/Frameworks";
				"LD_RUNPATH_SEARCH_PATHS[sdk=macosx*]" = "@executable_path/../Frameworks";
				MACOSX_DEPLOYMENT_TARGET = 13.1;
				MARKETING_VERSION = 1.0;
				PRODUCT_BUNDLE_IDENTIFIER = local.IDEIconsExample;
				PRODUCT_NAME = "$(TARGET_NAME)";
				SDKROOT = auto;
				SUPPORTED_PLATFORMS = "iphoneos iphonesimulator macosx";
				SWIFT_EMIT_LOC_STRINGS = YES;
				SWIFT_OPTIMIZATION_LEVEL = "-Onone";
				SWIFT_VERSION = 5.0;
				TARGETED_DEVICE_FAMILY = "1,2";
			};
			name = Debug;
		};
		3BC3183129B8EC190073F040 /* Release */ = {
			isa = XCBuildConfiguration;
			buildSettings = {
				ASSETCATALOG_COMPILER_GLOBAL_ACCENT_COLOR_NAME = AccentColor;
				CLANG_ENABLE_MODULES = YES;
				CODE_SIGN_STYLE = Automatic;
				CURRENT_PROJECT_VERSION = 1;
				DEVELOPMENT_ASSET_PATHS = "";
				ENABLE_PREVIEWS = YES;
				GENERATE_INFOPLIST_FILE = YES;
				"INFOPLIST_KEY_UIApplicationSceneManifest_Generation[sdk=iphoneos*]" = YES;
				"INFOPLIST_KEY_UIApplicationSceneManifest_Generation[sdk=iphonesimulator*]" = YES;
				"INFOPLIST_KEY_UIApplicationSupportsIndirectInputEvents[sdk=iphoneos*]" = YES;
				"INFOPLIST_KEY_UIApplicationSupportsIndirectInputEvents[sdk=iphonesimulator*]" = YES;
				"INFOPLIST_KEY_UILaunchScreen_Generation[sdk=iphoneos*]" = YES;
				"INFOPLIST_KEY_UILaunchScreen_Generation[sdk=iphonesimulator*]" = YES;
				"INFOPLIST_KEY_UIStatusBarStyle[sdk=iphoneos*]" = UIStatusBarStyleDefault;
				"INFOPLIST_KEY_UIStatusBarStyle[sdk=iphonesimulator*]" = UIStatusBarStyleDefault;
				INFOPLIST_KEY_UISupportedInterfaceOrientations_iPad = "UIInterfaceOrientationPortrait UIInterfaceOrientationPortraitUpsideDown UIInterfaceOrientationLandscapeLeft UIInterfaceOrientationLandscapeRight";
				INFOPLIST_KEY_UISupportedInterfaceOrientations_iPhone = "UIInterfaceOrientationPortrait UIInterfaceOrientationLandscapeLeft UIInterfaceOrientationLandscapeRight";
				IPHONEOS_DEPLOYMENT_TARGET = 16.2;
				LD_RUNPATH_SEARCH_PATHS = "@executable_path/Frameworks";
				"LD_RUNPATH_SEARCH_PATHS[sdk=macosx*]" = "@executable_path/../Frameworks";
				MACOSX_DEPLOYMENT_TARGET = 13.1;
				MARKETING_VERSION = 1.0;
				PRODUCT_BUNDLE_IDENTIFIER = local.IDEIconsExample;
				PRODUCT_NAME = "$(TARGET_NAME)";
				SDKROOT = auto;
				SUPPORTED_PLATFORMS = "iphoneos iphonesimulator macosx";
				SWIFT_EMIT_LOC_STRINGS = YES;
				SWIFT_VERSION = 5.0;
				TARGETED_DEVICE_FAMILY = "1,2";
			};
			name = Release;
		};
		3BC3184029B8ED070073F040 /* Debug */ = {
			isa = XCBuildConfiguration;
			buildSettings = {
				ASSETCATALOG_COMPILER_GLOBAL_ACCENT_COLOR_NAME = AccentColor;
				CLANG_ENABLE_MODULES = YES;
				CODE_SIGN_STYLE = Automatic;
				CURRENT_PROJECT_VERSION = 1;
				DEVELOPMENT_ASSET_PATHS = "";
				ENABLE_PREVIEWS = YES;
				GENERATE_INFOPLIST_FILE = YES;
				"INFOPLIST_KEY_UIApplicationSceneManifest_Generation[sdk=iphoneos*]" = YES;
				"INFOPLIST_KEY_UIApplicationSceneManifest_Generation[sdk=iphonesimulator*]" = YES;
				"INFOPLIST_KEY_UIApplicationSupportsIndirectInputEvents[sdk=iphoneos*]" = YES;
				"INFOPLIST_KEY_UIApplicationSupportsIndirectInputEvents[sdk=iphonesimulator*]" = YES;
				"INFOPLIST_KEY_UILaunchScreen_Generation[sdk=iphoneos*]" = YES;
				"INFOPLIST_KEY_UILaunchScreen_Generation[sdk=iphonesimulator*]" = YES;
				"INFOPLIST_KEY_UIStatusBarStyle[sdk=iphoneos*]" = UIStatusBarStyleDefault;
				"INFOPLIST_KEY_UIStatusBarStyle[sdk=iphonesimulator*]" = UIStatusBarStyleDefault;
				INFOPLIST_KEY_UISupportedInterfaceOrientations_iPad = "UIInterfaceOrientationPortrait UIInterfaceOrientationPortraitUpsideDown UIInterfaceOrientationLandscapeLeft UIInterfaceOrientationLandscapeRight";
				INFOPLIST_KEY_UISupportedInterfaceOrientations_iPhone = "UIInterfaceOrientationPortrait UIInterfaceOrientationLandscapeLeft UIInterfaceOrientationLandscapeRight";
				IPHONEOS_DEPLOYMENT_TARGET = 16.2;
				LD_RUNPATH_SEARCH_PATHS = "@executable_path/Frameworks";
				"LD_RUNPATH_SEARCH_PATHS[sdk=macosx*]" = "@executable_path/../Frameworks";
				MACOSX_DEPLOYMENT_TARGET = 13.1;
				MARKETING_VERSION = 1.0;
				PRODUCT_BUNDLE_IDENTIFIER = local.IDEIconsExample;
				PRODUCT_NAME = "$(TARGET_NAME)";
				SDKROOT = auto;
				SUPPORTED_PLATFORMS = "iphoneos iphonesimulator macosx";
				SWIFT_EMIT_LOC_STRINGS = YES;
				SWIFT_OPTIMIZATION_LEVEL = "-Onone";
				SWIFT_VERSION = 5.0;
				TARGETED_DEVICE_FAMILY = "1,2";
			};
			name = Debug;
		};
		3BC3184129B8ED070073F040 /* Release */ = {
			isa = XCBuildConfiguration;
			buildSettings = {
				ASSETCATALOG_COMPILER_GLOBAL_ACCENT_COLOR_NAME = AccentColor;
				CLANG_ENABLE_MODULES = YES;
				CODE_SIGN_STYLE = Automatic;
				CURRENT_PROJECT_VERSION = 1;
				DEVELOPMENT_ASSET_PATHS = "";
				ENABLE_PREVIEWS = YES;
				GENERATE_INFOPLIST_FILE = YES;
				"INFOPLIST_KEY_UIApplicationSceneManifest_Generation[sdk=iphoneos*]" = YES;
				"INFOPLIST_KEY_UIApplicationSceneManifest_Generation[sdk=iphonesimulator*]" = YES;
				"INFOPLIST_KEY_UIApplicationSupportsIndirectInputEvents[sdk=iphoneos*]" = YES;
				"INFOPLIST_KEY_UIApplicationSupportsIndirectInputEvents[sdk=iphonesimulator*]" = YES;
				"INFOPLIST_KEY_UILaunchScreen_Generation[sdk=iphoneos*]" = YES;
				"INFOPLIST_KEY_UILaunchScreen_Generation[sdk=iphonesimulator*]" = YES;
				"INFOPLIST_KEY_UIStatusBarStyle[sdk=iphoneos*]" = UIStatusBarStyleDefault;
				"INFOPLIST_KEY_UIStatusBarStyle[sdk=iphonesimulator*]" = UIStatusBarStyleDefault;
				INFOPLIST_KEY_UISupportedInterfaceOrientations_iPad = "UIInterfaceOrientationPortrait UIInterfaceOrientationPortraitUpsideDown UIInterfaceOrientationLandscapeLeft UIInterfaceOrientationLandscapeRight";
				INFOPLIST_KEY_UISupportedInterfaceOrientations_iPhone = "UIInterfaceOrientationPortrait UIInterfaceOrientationLandscapeLeft UIInterfaceOrientationLandscapeRight";
				IPHONEOS_DEPLOYMENT_TARGET = 16.2;
				LD_RUNPATH_SEARCH_PATHS = "@executable_path/Frameworks";
				"LD_RUNPATH_SEARCH_PATHS[sdk=macosx*]" = "@executable_path/../Frameworks";
				MACOSX_DEPLOYMENT_TARGET = 13.1;
				MARKETING_VERSION = 1.0;
				PRODUCT_BUNDLE_IDENTIFIER = local.IDEIconsExample;
				PRODUCT_NAME = "$(TARGET_NAME)";
				SDKROOT = auto;
				SUPPORTED_PLATFORMS = "iphoneos iphonesimulator macosx";
				SWIFT_EMIT_LOC_STRINGS = YES;
				SWIFT_VERSION = 5.0;
				TARGETED_DEVICE_FAMILY = "1,2";
			};
			name = Release;
		};
/* End XCBuildConfiguration section */

/* Begin XCConfigurationList section */
		3BC3181B29B8EC140073F040 /* Build configuration list for PBXProject "IDEIconsExample" */ = {
			isa = XCConfigurationList;
			buildConfigurations = (
				3BC3182D29B8EC190073F040 /* Debug */,
				3BC3182E29B8EC190073F040 /* Release */,
			);
			defaultConfigurationIsVisible = 0;
			defaultConfigurationName = Release;
		};
		3BC3182F29B8EC190073F040 /* Build configuration list for PBXNativeTarget "IDEIconsExample" */ = {
			isa = XCConfigurationList;
			buildConfigurations = (
				3BC3183029B8EC190073F040 /* Debug */,
				3BC3183129B8EC190073F040 /* Release */,
			);
			defaultConfigurationIsVisible = 0;
			defaultConfigurationName = Release;
		};
		3BC3183F29B8ED070073F040 /* Build configuration list for PBXNativeTarget "IDEIconsScreenshots" */ = {
			isa = XCConfigurationList;
			buildConfigurations = (
				3BC3184029B8ED070073F040 /* Debug */,
				3BC3184129B8ED070073F040 /* Release */,
			);
			defaultConfigurationIsVisible = 0;
			defaultConfigurationName = Release;
		};
/* End XCConfigurationList section */

/* Begin XCRemoteSwiftPackageReference section */
		3BC3183829B8ECF50073F040 /* XCRemoteSwiftPackageReference "screenshotting" */ = {
			isa = XCRemoteSwiftPackageReference;
			repositoryURL = "https://github.com/freyaalminde/screenshotting.git";
			requirement = {
				branch = main;
				kind = branch;
			};
		};
/* End XCRemoteSwiftPackageReference section */

/* Begin XCSwiftPackageProductDependency section */
		3B5BCE2E29BE226900BFE203 /* IDEIcons */ = {
			isa = XCSwiftPackageProductDependency;
			productName = IDEIcons;
		};
		3B5BCE3029BE226E00BFE203 /* IDEIcons */ = {
			isa = XCSwiftPackageProductDependency;
			productName = IDEIcons;
		};
		3BC3184529B8ED650073F040 /* IDEIcons */ = {
			isa = XCSwiftPackageProductDependency;
			productName = IDEIcons;
		};
		3BC3184729B8ED6C0073F040 /* IDEIcons */ = {
			isa = XCSwiftPackageProductDependency;
			productName = IDEIcons;
		};
		3BC3184929B8ED6C0073F040 /* Screenshotting */ = {
			isa = XCSwiftPackageProductDependency;
			package = 3BC3183829B8ECF50073F040 /* XCRemoteSwiftPackageReference "screenshotting" */;
			productName = Screenshotting;
		};
		3BC3184B29B8ED6C0073F040 /* ScreenshottingRNG */ = {
			isa = XCSwiftPackageProductDependency;
			package = 3BC3183829B8ECF50073F040 /* XCRemoteSwiftPackageReference "screenshotting" */;
			productName = ScreenshottingRNG;
		};
		3BC3185629B8EF820073F040 /* Screenshotting */ = {
			isa = XCSwiftPackageProductDependency;
			package = 3BC3183829B8ECF50073F040 /* XCRemoteSwiftPackageReference "screenshotting" */;
			productName = Screenshotting;
		};
		3BC3185829B8EF860073F040 /* ScreenshottingRNG */ = {
			isa = XCSwiftPackageProductDependency;
			package = 3BC3183829B8ECF50073F040 /* XCRemoteSwiftPackageReference "screenshotting" */;
			productName = ScreenshottingRNG;
		};
/* End XCSwiftPackageProductDependency section */
	};
	rootObject = 3BC3181829B8EC140073F040 /* Project object */;
}
