{
  "object": {
    "pins": [
      {
        "package": "screenshotting",
        "repositoryURL": "https://github.com/freyaalminde/screenshotting.git",
        "state": {
          "branch": "main",
          "revision": "05803922a8d94902d0c324beb85c6b5344ba1e5b",
          "version": null
        }
      }
    ]
  },
  "version": 1
}
